{
    "_readme": [
        "This file locks the dependencies of your project to a known state",
        "Read more about it at https://getcomposer.org/doc/01-basic-usage.md#composer-lock-the-lock-file",
        "This file is @generated automatically"
    ],
    "hash": "7fd6bc925b6c3560441843cef65d6799",
    "content-hash": "7106ef106848eeb724ee44e32d9b1378",
    "packages": [
        {
            "name": "elbiniou-phi",
            "version": "dev-master",
            "source": {
                "type": "git",
                "url": "https://github.com/ElBiniou/phi.git",
                "reference": "c1479ba3ab44b23b2fe17bb8f620c573ec8609f0"
            },
            "dist": {
                "type": "zip",
                "url": "https://api.github.com/repos/ElBiniou/phi/zipball/c1479ba3ab44b23b2fe17bb8f620c573ec8609f0",
                "reference": "c1479ba3ab44b23b2fe17bb8f620c573ec8609f0",
                "shasum": ""
            },
            "require": {
                "phi-traits": "dev-master"
            },
            "type": "library",
            "autoload": {
                "psr-4": {
                    "Phi\\": "source/class"
                }
            },
            "description": "A framework for people who don't like frameworks",
            "support": {
                "source": "https://github.com/ElBiniou/phi/tree/master",
                "issues": "https://github.com/ElBiniou/phi/issues"
            },
            "time": "2017-01-09 21:39:22"
        },
        {
            "name": "phi-traits",
            "version": "dev-master",
            "source": {
                "type": "git",
                "url": "https://github.com/ElBiniou/phi-traits.git",
                "reference": "2f3dac6499b8b582b14576d9295aa6d88119729d"
            },
            "dist": {
                "type": "zip",
                "url": "https://api.github.com/repos/ElBiniou/phi-traits/zipball/2f3dac6499b8b582b14576d9295aa6d88119729d",
                "reference": "2f3dac6499b8b582b14576d9295aa6d88119729d",
                "shasum": ""
            },
            "type": "library",
            "autoload": {
                "psr-4": {
                    "Phi\\Traits\\": "source/class/Traits"
                },
                "files": []
            },
            "description": "Usefull traits",
            "support": {
                "source": "https://github.com/ElBiniou/phi-traits/tree/master",
                "issues": "https://github.com/ElBiniou/phi-traits/issues"
            },
            "time": "2017-01-09 21:39:10"
        }
    ],
    "packages-dev": [],
    "aliases": [],
    "minimum-stability": "stable",
    "stability-flags": {
        "phi-traits": 20,
        "elbiniou-phi": 20
    },
    "prefer-stable": false,
    "prefer-lowest": false,
    "platform": [],
    "platform-dev": []
}
